
Microsoft Visual Studio Solution File, Format Version 12.00
# Visual Studio 14
VisualStudioVersion = 14.0.25420.1
MinimumVisualStudioVersion = 10.0.40219.1
Project("{FAE04EC0-301F-11D3-BF4B-00C04F79EFBC}") = "Task_2", "Task_2\Task_2.csproj", "{EF71A1C5-FE5D-43D7-A809-47823BDEED70}"
EndProject
Project("{FAE04EC0-301F-11D3-BF4B-00C04F79EFBC}") = "MyMath", "MyMath\MyMath.csproj", "{7BB03816-09C5-48E3-AE3C-D1E70E83BF8A}"
EndProject
Global
	GlobalSection(SolutionConfigurationPlatforms) = preSolution
		Debug|Any CPU = Debug|Any CPU
		Release|Any CPU = Release|Any CPU
	EndGlobalSection
	GlobalSection(ProjectConfigurationPlatforms) = postSolution
		{EF71A1C5-FE5D-43D7-A809-47823BDEED70}.Debug|Any CPU.ActiveCfg = Debug|Any CPU
		{EF71A1C5-FE5D-43D7-A809-47823BDEED70}.Debug|Any CPU.Build.0 = Debug|Any CPU
		{EF71A1C5-FE5D-43D7-A809-47823BDEED70}.Release|Any CPU.ActiveCfg = Release|Any CPU
		{EF71A1C5-FE5D-43D7-A809-47823BDEED70}.Release|Any CPU.Build.0 = Release|Any CPU
		{7BB03816-09C5-48E3-AE3C-D1E70E83BF8A}.Debug|Any CPU.ActiveCfg = Debug|Any CPU
		{7BB03816-09C5-48E3-AE3C-D1E70E83BF8A}.Debug|Any CPU.Build.0 = Debug|Any CPU
		{7BB03816-09C5-48E3-AE3C-D1E70E83BF8A}.Release|Any CPU.ActiveCfg = Release|Any CPU
		{7BB03816-09C5-48E3-AE3C-D1E70E83BF8A}.Release|Any CPU.Build.0 = Release|Any CPU
	EndGlobalSection
	GlobalSection(SolutionProperties) = preSolution
		HideSolutionNode = FALSE
	EndGlobalSection
EndGlobal
